
Microsoft Visual Studio Solution File, Format Version 12.00
# Visual Studio 2012
Project("{F2A71F9B-5D33-465A-A702-920D77279786}") = "FSharp.FinancialContracts", "FSharp.FinancialContracts\FSharp.FinancialContracts.fsproj", "{B72F3E35-6EEA-4E1C-B411-F630B2E859F3}"
EndProject
Project("{F2A71F9B-5D33-465A-A702-920D77279786}") = "FSharp.FinancialContracts.Tests", "FSharp.FinancialContracts.Tests\FSharp.FinancialContracts.Tests.fsproj", "{336B7CE0-B86F-4798-9114-D1BC17D2A35D}"
EndProject
Project("{F2A71F9B-5D33-465A-A702-920D77279786}") = "FSharp.FinancialContracts.Testing.Tests", "FSharp.FinancialContracts.Testing.Tests\FSharp.FinancialContracts.Testing.Tests.fsproj", "{CF1958E1-E902-4128-8ED3-FD4A03DFE46D}"
EndProject
Project("{F2A71F9B-5D33-465A-A702-920D77279786}") = "FSharp.FinancialContracts.Documentation", "FSharp.FinancialContracts.Documentation\FSharp.FinancialContracts.Documentation.fsproj", "{D382F8B5-454C-4238-97CA-8F7EF4C16218}"
EndProject
Project("{F2A71F9B-5D33-465A-A702-920D77279786}") = "FSharp.FinancialContracts.Testing", "FSharp.FinancialContracts.Testing\FSharp.FinancialContracts.Testing.fsproj", "{2538E657-8324-4190-9FEC-8E2B4F6013BC}"
EndProject
Project("{F2A71F9B-5D33-465A-A702-920D77279786}") = "FSharp.FinancialContracts.Examples", "Examples\Examples.fsproj", "{8E0C157A-38DA-4729-BE5B-16E05D5AC4E9}"
EndProject
Global
	GlobalSection(SolutionConfigurationPlatforms) = preSolution
		Debug|Any CPU = Debug|Any CPU
		Release|Any CPU = Release|Any CPU
	EndGlobalSection
	GlobalSection(ProjectConfigurationPlatforms) = postSolution
		{B72F3E35-6EEA-4E1C-B411-F630B2E859F3}.Debug|Any CPU.ActiveCfg = Debug|Any CPU
		{B72F3E35-6EEA-4E1C-B411-F630B2E859F3}.Debug|Any CPU.Build.0 = Debug|Any CPU
		{B72F3E35-6EEA-4E1C-B411-F630B2E859F3}.Release|Any CPU.ActiveCfg = Release|Any CPU
		{B72F3E35-6EEA-4E1C-B411-F630B2E859F3}.Release|Any CPU.Build.0 = Release|Any CPU
		{B72F3E35-6EEA-4E1C-B411-F630B2E859F3}.Release|Any CPU.Deploy.0 = Release|Any CPU
		{336B7CE0-B86F-4798-9114-D1BC17D2A35D}.Debug|Any CPU.ActiveCfg = Debug|Any CPU
		{336B7CE0-B86F-4798-9114-D1BC17D2A35D}.Debug|Any CPU.Build.0 = Debug|Any CPU
		{336B7CE0-B86F-4798-9114-D1BC17D2A35D}.Release|Any CPU.ActiveCfg = Release|Any CPU
		{336B7CE0-B86F-4798-9114-D1BC17D2A35D}.Release|Any CPU.Build.0 = Release|Any CPU
		{CF1958E1-E902-4128-8ED3-FD4A03DFE46D}.Debug|Any CPU.ActiveCfg = Debug|Any CPU
		{CF1958E1-E902-4128-8ED3-FD4A03DFE46D}.Debug|Any CPU.Build.0 = Debug|Any CPU
		{CF1958E1-E902-4128-8ED3-FD4A03DFE46D}.Release|Any CPU.ActiveCfg = Release|Any CPU
		{CF1958E1-E902-4128-8ED3-FD4A03DFE46D}.Release|Any CPU.Build.0 = Release|Any CPU
		{D382F8B5-454C-4238-97CA-8F7EF4C16218}.Debug|Any CPU.ActiveCfg = Debug|Any CPU
		{D382F8B5-454C-4238-97CA-8F7EF4C16218}.Debug|Any CPU.Build.0 = Debug|Any CPU
		{D382F8B5-454C-4238-97CA-8F7EF4C16218}.Release|Any CPU.ActiveCfg = Release|Any CPU
		{D382F8B5-454C-4238-97CA-8F7EF4C16218}.Release|Any CPU.Build.0 = Release|Any CPU
		{2538E657-8324-4190-9FEC-8E2B4F6013BC}.Debug|Any CPU.ActiveCfg = Debug|Any CPU
		{2538E657-8324-4190-9FEC-8E2B4F6013BC}.Debug|Any CPU.Build.0 = Debug|Any CPU
		{2538E657-8324-4190-9FEC-8E2B4F6013BC}.Release|Any CPU.ActiveCfg = Release|Any CPU
		{2538E657-8324-4190-9FEC-8E2B4F6013BC}.Release|Any CPU.Build.0 = Release|Any CPU
		{2538E657-8324-4190-9FEC-8E2B4F6013BC}.Release|Any CPU.Deploy.0 = Release|Any CPU
		{8E0C157A-38DA-4729-BE5B-16E05D5AC4E9}.Debug|Any CPU.ActiveCfg = Debug|Any CPU
		{8E0C157A-38DA-4729-BE5B-16E05D5AC4E9}.Debug|Any CPU.Build.0 = Debug|Any CPU
		{8E0C157A-38DA-4729-BE5B-16E05D5AC4E9}.Release|Any CPU.ActiveCfg = Release|Any CPU
		{8E0C157A-38DA-4729-BE5B-16E05D5AC4E9}.Release|Any CPU.Build.0 = Release|Any CPU
	EndGlobalSection
EndGlobal
